// !$*UTF8*$!
{
	archiveVersion = 1;
	classes = {
	};
	objectVersion = 51;
	objects = {

/* Begin PBXBuildFile section */
		7639246A261B10FE009097A6 /* UserData.swift in Sources */ = {isa = PBXBuildFile; fileRef = 76392469261B10FE009097A6 /* UserData.swift */; };
		7639247A261B4ADD009097A6 /* LoadingTableViewCell.swift in Sources */ = {isa = PBXBuildFile; fileRef = 76392478261B4ADD009097A6 /* LoadingTableViewCell.swift */; };
		76392480261B564B009097A6 /* UserViewModel.swift in Sources */ = {isa = PBXBuildFile; fileRef = 7639247F261B564B009097A6 /* UserViewModel.swift */; };
		76392484261B5EF9009097A6 /* UsersModel.swift in Sources */ = {isa = PBXBuildFile; fileRef = 76392483261B5EF9009097A6 /* UsersModel.swift */; };
		763924A1261BCC02009097A6 /* OpenSans-Italic.ttf in Resources */ = {isa = PBXBuildFile; fileRef = 7639249F261BCBFA009097A6 /* OpenSans-Italic.ttf */; };
		763924A3261BCC05009097A6 /* OpenSans-Regular.ttf in Resources */ = {isa = PBXBuildFile; fileRef = 7639249D261BCBFA009097A6 /* OpenSans-Regular.ttf */; };
		763924A5261BCC08009097A6 /* OpenSans-SemiBold.ttf in Resources */ = {isa = PBXBuildFile; fileRef = 7639249E261BCBFA009097A6 /* OpenSans-SemiBold.ttf */; };
		763924AB261C6E68009097A6 /* UsersRouter.swift in Sources */ = {isa = PBXBuildFile; fileRef = 763924AA261C6E68009097A6 /* UsersRouter.swift */; };
		767C37A92624765200D8980C /* UserTableViewCellRepresentable.swift in Sources */ = {isa = PBXBuildFile; fileRef = 767C37A82624765200D8980C /* UserTableViewCellRepresentable.swift */; };
		767C37B02624A29700D8980C /* ViewModel.swift in Sources */ = {isa = PBXBuildFile; fileRef = 767C37AF2624A29700D8980C /* ViewModel.swift */; };
		767C37B42624AA5000D8980C /* UsersViewController+UITableView.swift in Sources */ = {isa = PBXBuildFile; fileRef = 767C37B32624AA5000D8980C /* UsersViewController+UITableView.swift */; };
		767C37B82625954200D8980C /* LoadingTableViewCellRepresentable.swift in Sources */ = {isa = PBXBuildFile; fileRef = 767C37B72625954200D8980C /* LoadingTableViewCellRepresentable.swift */; };
		767C37BB2625960500D8980C /* TableViewCellRepresentable.swift in Sources */ = {isa = PBXBuildFile; fileRef = 767C37BA2625960500D8980C /* TableViewCellRepresentable.swift */; };
		767C37C22625C16F00D8980C /* MyInterceptor.swift in Sources */ = {isa = PBXBuildFile; fileRef = 767C37C12625C16F00D8980C /* MyInterceptor.swift */; };
		767C37C626299ECE00D8980C /* UserInfoTableViewController.swift in Sources */ = {isa = PBXBuildFile; fileRef = 767C37C526299ECE00D8980C /* UserInfoTableViewController.swift */; };
		767C37C926299FEE00D8980C /* UserInfoAboutTableViewCell.swift in Sources */ = {isa = PBXBuildFile; fileRef = 767C37C826299FEE00D8980C /* UserInfoAboutTableViewCell.swift */; };
		767C37CC2629A00500D8980C /* UserInfoExperienceTableViewCell.swift in Sources */ = {isa = PBXBuildFile; fileRef = 767C37CB2629A00500D8980C /* UserInfoExperienceTableViewCell.swift */; };
		767C37CF2629A01D00D8980C /* UserInfoSkillsTableViewCell.swift in Sources */ = {isa = PBXBuildFile; fileRef = 767C37CE2629A01D00D8980C /* UserInfoSkillsTableViewCell.swift */; };
		767C37D22629A03000D8980C /* UserInfoAvailabilityTableViewCell.swift in Sources */ = {isa = PBXBuildFile; fileRef = 767C37D12629A03000D8980C /* UserInfoAvailabilityTableViewCell.swift */; };
		767C37D5262A5DDA00D8980C /* UserInfo.swift in Sources */ = {isa = PBXBuildFile; fileRef = 767C37D4262A5DDA00D8980C /* UserInfo.swift */; };
		767C37D8262A5E4800D8980C /* UserDetails.swift in Sources */ = {isa = PBXBuildFile; fileRef = 767C37D7262A5E4800D8980C /* UserDetails.swift */; };
		767C37DB262AE8D300D8980C /* UserInfoAboutRepresentable.swift in Sources */ = {isa = PBXBuildFile; fileRef = 767C37DA262AE8D300D8980C /* UserInfoAboutRepresentable.swift */; };
		767C37DE262AEAE500D8980C /* UserInfoAboutViewModel.swift in Sources */ = {isa = PBXBuildFile; fileRef = 767C37DD262AEAE500D8980C /* UserInfoAboutViewModel.swift */; };
		767C37E1262C1A2300D8980C /* UserExperience.swift in Sources */ = {isa = PBXBuildFile; fileRef = 767C37E0262C1A2300D8980C /* UserExperience.swift */; };
		767C37E4262C1A4000D8980C /* Work.swift in Sources */ = {isa = PBXBuildFile; fileRef = 767C37E3262C1A4000D8980C /* Work.swift */; };
		767C37E7262C1C8600D8980C /* Brand.swift in Sources */ = {isa = PBXBuildFile; fileRef = 767C37E6262C1C8600D8980C /* Brand.swift */; };
		767C37EA262C2AE500D8980C /* UserInfoExperienceRepresentable.swift in Sources */ = {isa = PBXBuildFile; fileRef = 767C37E9262C2AE500D8980C /* UserInfoExperienceRepresentable.swift */; };
		767C37ED262C2E9700D8980C /* Position.swift in Sources */ = {isa = PBXBuildFile; fileRef = 767C37EC262C2E9700D8980C /* Position.swift */; };
		767C37F0262C339E00D8980C /* UserInfoExperienceViewModel.swift in Sources */ = {isa = PBXBuildFile; fileRef = 767C37EF262C339E00D8980C /* UserInfoExperienceViewModel.swift */; };
		767C37F3262C3B2D00D8980C /* ToDate+String.swift in Sources */ = {isa = PBXBuildFile; fileRef = 767C37F2262C3B2D00D8980C /* ToDate+String.swift */; };
		767C37F6262C3B8600D8980C /* ToString+Date.swift in Sources */ = {isa = PBXBuildFile; fileRef = 767C37F5262C3B8600D8980C /* ToString+Date.swift */; };
		76ABFA57262C6A0F007A2D41 /* UserInfoSkillsRepresentable.swift in Sources */ = {isa = PBXBuildFile; fileRef = 76ABFA56262C6A0F007A2D41 /* UserInfoSkillsRepresentable.swift */; };
		76ABFA5A262C6A42007A2D41 /* Skill.swift in Sources */ = {isa = PBXBuildFile; fileRef = 76ABFA59262C6A42007A2D41 /* Skill.swift */; };
		76ABFA5E262C6B23007A2D41 /* UserInfoSkillsViewModel.swift in Sources */ = {isa = PBXBuildFile; fileRef = 76ABFA5D262C6B23007A2D41 /* UserInfoSkillsViewModel.swift */; };
		76ABFA6C262C7E81007A2D41 /* SkillCollectionViewCell.swift in Sources */ = {isa = PBXBuildFile; fileRef = 76ABFA6B262C7E81007A2D41 /* SkillCollectionViewCell.swift */; };
		76ABFA6F262C829D007A2D41 /* MyFlowLayout.swift in Sources */ = {isa = PBXBuildFile; fileRef = 76ABFA6E262C829D007A2D41 /* MyFlowLayout.swift */; };
		76ABFA81262D7B90007A2D41 /* Availability.swift in Sources */ = {isa = PBXBuildFile; fileRef = 76ABFA80262D7B90007A2D41 /* Availability.swift */; };
		76ABFA88262D8357007A2D41 /* UserInfoAvailabilityRepresentable.swift in Sources */ = {isa = PBXBuildFile; fileRef = 76ABFA87262D8357007A2D41 /* UserInfoAvailabilityRepresentable.swift */; };
		76ABFA94262D9002007A2D41 /* CollectionViewModel.swift in Sources */ = {isa = PBXBuildFile; fileRef = 76ABFA93262D9002007A2D41 /* CollectionViewModel.swift */; };
		76ABFA97262D92AF007A2D41 /* UserInfoAvailabilityViewModel.swift in Sources */ = {isa = PBXBuildFile; fileRef = 76ABFA96262D92AF007A2D41 /* UserInfoAvailabilityViewModel.swift */; };
		76ABFA9A262D980C007A2D41 /* AvailabilityCollectionViewCell.swift in Sources */ = {isa = PBXBuildFile; fileRef = 76ABFA99262D980C007A2D41 /* AvailabilityCollectionViewCell.swift */; };
		76ABFA9D262DA1C6007A2D41 /* ResizableCollectionView.swift in Sources */ = {isa = PBXBuildFile; fileRef = 76ABFA9C262DA1C6007A2D41 /* ResizableCollectionView.swift */; };
		76ABFAA7262DC44C007A2D41 /* HeaderView.swift in Sources */ = {isa = PBXBuildFile; fileRef = 76ABFAA6262DC44C007A2D41 /* HeaderView.swift */; };
		76ABFAB2262E1F1E007A2D41 /* UserInfoHeaderRepresentable.swift in Sources */ = {isa = PBXBuildFile; fileRef = 76ABFAB1262E1F1E007A2D41 /* UserInfoHeaderRepresentable.swift */; };
		76ABFAB5262E2018007A2D41 /* UserInfoHeaderViewModel.swift in Sources */ = {isa = PBXBuildFile; fileRef = 76ABFAB4262E2018007A2D41 /* UserInfoHeaderViewModel.swift */; };
		76ABFABE262F0E41007A2D41 /* HeaderView.xib in Resources */ = {isa = PBXBuildFile; fileRef = 76ABFABD262F0E41007A2D41 /* HeaderView.xib */; };
		76ABFAC2262F1016007A2D41 /* AddTrailing+UILabel.swift in Sources */ = {isa = PBXBuildFile; fileRef = 76ABFAC1262F1016007A2D41 /* AddTrailing+UILabel.swift */; };
		76ABFAC5262F3344007A2D41 /* UserInfoTableViewController+UITableView.swift in Sources */ = {isa = PBXBuildFile; fileRef = 76ABFAC4262F3344007A2D41 /* UserInfoTableViewController+UITableView.swift */; };
		76ABFAC9262F9688007A2D41 /* UserInfoTableViewController+UserInfoAboutCellDelegate.swift in Sources */ = {isa = PBXBuildFile; fileRef = 76ABFAC8262F9688007A2D41 /* UserInfoTableViewController+UserInfoAboutCellDelegate.swift */; };
		76BEEFD22619D8F500AD0321 /* AppDelegate.swift in Sources */ = {isa = PBXBuildFile; fileRef = 76BEEFD12619D8F500AD0321 /* AppDelegate.swift */; };
		76BEEFD42619D8F500AD0321 /* SceneDelegate.swift in Sources */ = {isa = PBXBuildFile; fileRef = 76BEEFD32619D8F500AD0321 /* SceneDelegate.swift */; };
		76BEEFD62619D8F500AD0321 /* UsersViewController.swift in Sources */ = {isa = PBXBuildFile; fileRef = 76BEEFD52619D8F500AD0321 /* UsersViewController.swift */; };
		76BEEFD92619D8F500AD0321 /* Main.storyboard in Resources */ = {isa = PBXBuildFile; fileRef = 76BEEFD72619D8F500AD0321 /* Main.storyboard */; };
		76BEEFDB2619D90100AD0321 /* Assets.xcassets in Resources */ = {isa = PBXBuildFile; fileRef = 76BEEFDA2619D90100AD0321 /* Assets.xcassets */; };
		76BEEFDE2619D90100AD0321 /* LaunchScreen.storyboard in Resources */ = {isa = PBXBuildFile; fileRef = 76BEEFDC2619D90100AD0321 /* LaunchScreen.storyboard */; };
		76BEEFE82619DA7500AD0321 /* User.swift in Sources */ = {isa = PBXBuildFile; fileRef = 76BEEFE72619DA7500AD0321 /* User.swift */; };
		76BEEFEB2619DBDA00AD0321 /* UserTableViewCell.swift in Sources */ = {isa = PBXBuildFile; fileRef = 76BEEFEA2619DBDA00AD0321 /* UserTableViewCell.swift */; };
		AAB3ED51C2C673D55A725450 /* Pods_HarriIosTask.framework in Frameworks */ = {isa = PBXBuildFile; fileRef = 73AEFEF0184910AD57C2EBF9 /* Pods_HarriIosTask.framework */; };
/* End PBXBuildFile section */

/* Begin PBXFileReference section */
		73AEFEF0184910AD57C2EBF9 /* Pods_HarriIosTask.framework */ = {isa = PBXFileReference; explicitFileType = wrapper.framework; includeInIndex = 0; path = Pods_HarriIosTask.framework; sourceTree = BUILT_PRODUCTS_DIR; };
		76392469261B10FE009097A6 /* UserData.swift */ = {isa = PBXFileReference; lastKnownFileType = sourcecode.swift; path = UserData.swift; sourceTree = "<group>"; };
		76392478261B4ADD009097A6 /* LoadingTableViewCell.swift */ = {isa = PBXFileReference; lastKnownFileType = sourcecode.swift; path = LoadingTableViewCell.swift; sourceTree = "<group>"; };
		7639247F261B564B009097A6 /* UserViewModel.swift */ = {isa = PBXFileReference; lastKnownFileType = sourcecode.swift; path = UserViewModel.swift; sourceTree = "<group>"; };
		76392483261B5EF9009097A6 /* UsersModel.swift */ = {isa = PBXFileReference; lastKnownFileType = sourcecode.swift; path = UsersModel.swift; sourceTree = "<group>"; };
		7639249D261BCBFA009097A6 /* OpenSans-Regular.ttf */ = {isa = PBXFileReference; lastKnownFileType = file; path = "OpenSans-Regular.ttf"; sourceTree = "<group>"; };
		7639249E261BCBFA009097A6 /* OpenSans-SemiBold.ttf */ = {isa = PBXFileReference; lastKnownFileType = file; path = "OpenSans-SemiBold.ttf"; sourceTree = "<group>"; };
		7639249F261BCBFA009097A6 /* OpenSans-Italic.ttf */ = {isa = PBXFileReference; lastKnownFileType = file; path = "OpenSans-Italic.ttf"; sourceTree = "<group>"; };
		763924AA261C6E68009097A6 /* UsersRouter.swift */ = {isa = PBXFileReference; lastKnownFileType = sourcecode.swift; path = UsersRouter.swift; sourceTree = "<group>"; };
		767C37A82624765200D8980C /* UserTableViewCellRepresentable.swift */ = {isa = PBXFileReference; lastKnownFileType = sourcecode.swift; path = UserTableViewCellRepresentable.swift; sourceTree = "<group>"; };
		767C37AF2624A29700D8980C /* ViewModel.swift */ = {isa = PBXFileReference; lastKnownFileType = sourcecode.swift; path = ViewModel.swift; sourceTree = "<group>"; };
		767C37B32624AA5000D8980C /* UsersViewController+UITableView.swift */ = {isa = PBXFileReference; lastKnownFileType = sourcecode.swift; path = "UsersViewController+UITableView.swift"; sourceTree = "<group>"; };
		767C37B72625954200D8980C /* LoadingTableViewCellRepresentable.swift */ = {isa = PBXFileReference; lastKnownFileType = sourcecode.swift; path = LoadingTableViewCellRepresentable.swift; sourceTree = "<group>"; };
		767C37BA2625960500D8980C /* TableViewCellRepresentable.swift */ = {isa = PBXFileReference; lastKnownFileType = sourcecode.swift; path = TableViewCellRepresentable.swift; sourceTree = "<group>"; };
		767C37C12625C16F00D8980C /* MyInterceptor.swift */ = {isa = PBXFileReference; lastKnownFileType = sourcecode.swift; path = MyInterceptor.swift; sourceTree = "<group>"; };
		767C37C526299ECE00D8980C /* UserInfoTableViewController.swift */ = {isa = PBXFileReference; lastKnownFileType = sourcecode.swift; path = UserInfoTableViewController.swift; sourceTree = "<group>"; };
		767C37C826299FEE00D8980C /* UserInfoAboutTableViewCell.swift */ = {isa = PBXFileReference; lastKnownFileType = sourcecode.swift; path = UserInfoAboutTableViewCell.swift; sourceTree = "<group>"; };
		767C37CB2629A00500D8980C /* UserInfoExperienceTableViewCell.swift */ = {isa = PBXFileReference; lastKnownFileType = sourcecode.swift; path = UserInfoExperienceTableViewCell.swift; sourceTree = "<group>"; };
		767C37CE2629A01D00D8980C /* UserInfoSkillsTableViewCell.swift */ = {isa = PBXFileReference; lastKnownFileType = sourcecode.swift; path = UserInfoSkillsTableViewCell.swift; sourceTree = "<group>"; };
		767C37D12629A03000D8980C /* UserInfoAvailabilityTableViewCell.swift */ = {isa = PBXFileReference; lastKnownFileType = sourcecode.swift; path = UserInfoAvailabilityTableViewCell.swift; sourceTree = "<group>"; };
		767C37D4262A5DDA00D8980C /* UserInfo.swift */ = {isa = PBXFileReference; lastKnownFileType = sourcecode.swift; path = UserInfo.swift; sourceTree = "<group>"; };
		767C37D7262A5E4800D8980C /* UserDetails.swift */ = {isa = PBXFileReference; lastKnownFileType = sourcecode.swift; path = UserDetails.swift; sourceTree = "<group>"; };
		767C37DA262AE8D300D8980C /* UserInfoAboutRepresentable.swift */ = {isa = PBXFileReference; lastKnownFileType = sourcecode.swift; path = UserInfoAboutRepresentable.swift; sourceTree = "<group>"; };
		767C37DD262AEAE500D8980C /* UserInfoAboutViewModel.swift */ = {isa = PBXFileReference; lastKnownFileType = sourcecode.swift; path = UserInfoAboutViewModel.swift; sourceTree = "<group>"; };
		767C37E0262C1A2300D8980C /* UserExperience.swift */ = {isa = PBXFileReference; lastKnownFileType = sourcecode.swift; path = UserExperience.swift; sourceTree = "<group>"; };
		767C37E3262C1A4000D8980C /* Work.swift */ = {isa = PBXFileReference; lastKnownFileType = sourcecode.swift; path = Work.swift; sourceTree = "<group>"; };
		767C37E6262C1C8600D8980C /* Brand.swift */ = {isa = PBXFileReference; lastKnownFileType = sourcecode.swift; path = Brand.swift; sourceTree = "<group>"; };
		767C37E9262C2AE500D8980C /* UserInfoExperienceRepresentable.swift */ = {isa = PBXFileReference; lastKnownFileType = sourcecode.swift; path = UserInfoExperienceRepresentable.swift; sourceTree = "<group>"; };
		767C37EC262C2E9700D8980C /* Position.swift */ = {isa = PBXFileReference; lastKnownFileType = sourcecode.swift; path = Position.swift; sourceTree = "<group>"; };
		767C37EF262C339E00D8980C /* UserInfoExperienceViewModel.swift */ = {isa = PBXFileReference; lastKnownFileType = sourcecode.swift; path = UserInfoExperienceViewModel.swift; sourceTree = "<group>"; };
		767C37F2262C3B2D00D8980C /* ToDate+String.swift */ = {isa = PBXFileReference; lastKnownFileType = sourcecode.swift; path = "ToDate+String.swift"; sourceTree = "<group>"; };
		767C37F5262C3B8600D8980C /* ToString+Date.swift */ = {isa = PBXFileReference; lastKnownFileType = sourcecode.swift; path = "ToString+Date.swift"; sourceTree = "<group>"; };
		76ABFA56262C6A0F007A2D41 /* UserInfoSkillsRepresentable.swift */ = {isa = PBXFileReference; lastKnownFileType = sourcecode.swift; path = UserInfoSkillsRepresentable.swift; sourceTree = "<group>"; };
		76ABFA59262C6A42007A2D41 /* Skill.swift */ = {isa = PBXFileReference; lastKnownFileType = sourcecode.swift; path = Skill.swift; sourceTree = "<group>"; };
		76ABFA5D262C6B23007A2D41 /* UserInfoSkillsViewModel.swift */ = {isa = PBXFileReference; lastKnownFileType = sourcecode.swift; path = UserInfoSkillsViewModel.swift; sourceTree = "<group>"; };
		76ABFA6B262C7E81007A2D41 /* SkillCollectionViewCell.swift */ = {isa = PBXFileReference; lastKnownFileType = sourcecode.swift; path = SkillCollectionViewCell.swift; sourceTree = "<group>"; };
		76ABFA6E262C829D007A2D41 /* MyFlowLayout.swift */ = {isa = PBXFileReference; lastKnownFileType = sourcecode.swift; path = MyFlowLayout.swift; sourceTree = "<group>"; };
		76ABFA80262D7B90007A2D41 /* Availability.swift */ = {isa = PBXFileReference; lastKnownFileType = sourcecode.swift; path = Availability.swift; sourceTree = "<group>"; };
		76ABFA87262D8357007A2D41 /* UserInfoAvailabilityRepresentable.swift */ = {isa = PBXFileReference; lastKnownFileType = sourcecode.swift; path = UserInfoAvailabilityRepresentable.swift; sourceTree = "<group>"; };
		76ABFA93262D9002007A2D41 /* CollectionViewModel.swift */ = {isa = PBXFileReference; lastKnownFileType = sourcecode.swift; path = CollectionViewModel.swift; sourceTree = "<group>"; };
		76ABFA96262D92AF007A2D41 /* UserInfoAvailabilityViewModel.swift */ = {isa = PBXFileReference; lastKnownFileType = sourcecode.swift; path = UserInfoAvailabilityViewModel.swift; sourceTree = "<group>"; };
		76ABFA99262D980C007A2D41 /* AvailabilityCollectionViewCell.swift */ = {isa = PBXFileReference; lastKnownFileType = sourcecode.swift; path = AvailabilityCollectionViewCell.swift; sourceTree = "<group>"; };
		76ABFA9C262DA1C6007A2D41 /* ResizableCollectionView.swift */ = {isa = PBXFileReference; lastKnownFileType = sourcecode.swift; path = ResizableCollectionView.swift; sourceTree = "<group>"; };
		76ABFAA6262DC44C007A2D41 /* HeaderView.swift */ = {isa = PBXFileReference; lastKnownFileType = sourcecode.swift; path = HeaderView.swift; sourceTree = "<group>"; };
		76ABFAB1262E1F1E007A2D41 /* UserInfoHeaderRepresentable.swift */ = {isa = PBXFileReference; lastKnownFileType = sourcecode.swift; path = UserInfoHeaderRepresentable.swift; sourceTree = "<group>"; };
		76ABFAB4262E2018007A2D41 /* UserInfoHeaderViewModel.swift */ = {isa = PBXFileReference; lastKnownFileType = sourcecode.swift; path = UserInfoHeaderViewModel.swift; sourceTree = "<group>"; };
		76ABFABD262F0E41007A2D41 /* HeaderView.xib */ = {isa = PBXFileReference; fileEncoding = 4; lastKnownFileType = file.xib; path = HeaderView.xib; sourceTree = "<group>"; };
		76ABFAC1262F1016007A2D41 /* AddTrailing+UILabel.swift */ = {isa = PBXFileReference; lastKnownFileType = sourcecode.swift; path = "AddTrailing+UILabel.swift"; sourceTree = "<group>"; };
		76ABFAC4262F3344007A2D41 /* UserInfoTableViewController+UITableView.swift */ = {isa = PBXFileReference; lastKnownFileType = sourcecode.swift; path = "UserInfoTableViewController+UITableView.swift"; sourceTree = "<group>"; };
		76ABFAC8262F9688007A2D41 /* UserInfoTableViewController+UserInfoAboutCellDelegate.swift */ = {isa = PBXFileReference; lastKnownFileType = sourcecode.swift; path = "UserInfoTableViewController+UserInfoAboutCellDelegate.swift"; sourceTree = "<group>"; };
		76BEEFCE2619D8F500AD0321 /* HarriIosTask.app */ = {isa = PBXFileReference; explicitFileType = wrapper.application; includeInIndex = 0; path = HarriIosTask.app; sourceTree = BUILT_PRODUCTS_DIR; };
		76BEEFD12619D8F500AD0321 /* AppDelegate.swift */ = {isa = PBXFileReference; lastKnownFileType = sourcecode.swift; path = AppDelegate.swift; sourceTree = "<group>"; };
		76BEEFD32619D8F500AD0321 /* SceneDelegate.swift */ = {isa = PBXFileReference; lastKnownFileType = sourcecode.swift; path = SceneDelegate.swift; sourceTree = "<group>"; };
		76BEEFD52619D8F500AD0321 /* UsersViewController.swift */ = {isa = PBXFileReference; lastKnownFileType = sourcecode.swift; path = UsersViewController.swift; sourceTree = "<group>"; };
		76BEEFD82619D8F500AD0321 /* Base */ = {isa = PBXFileReference; lastKnownFileType = file.storyboard; name = Base; path = Base.lproj/Main.storyboard; sourceTree = "<group>"; };
		76BEEFDA2619D90100AD0321 /* Assets.xcassets */ = {isa = PBXFileReference; lastKnownFileType = folder.assetcatalog; path = Assets.xcassets; sourceTree = "<group>"; };
		76BEEFDD2619D90100AD0321 /* Base */ = {isa = PBXFileReference; lastKnownFileType = file.storyboard; name = Base; path = Base.lproj/LaunchScreen.storyboard; sourceTree = "<group>"; };
		76BEEFDF2619D90100AD0321 /* Info.plist */ = {isa = PBXFileReference; lastKnownFileType = text.plist.xml; path = Info.plist; sourceTree = "<group>"; };
		76BEEFE72619DA7500AD0321 /* User.swift */ = {isa = PBXFileReference; lastKnownFileType = sourcecode.swift; path = User.swift; sourceTree = "<group>"; };
		76BEEFEA2619DBDA00AD0321 /* UserTableViewCell.swift */ = {isa = PBXFileReference; lastKnownFileType = sourcecode.swift; path = UserTableViewCell.swift; sourceTree = "<group>"; };
		9D4C55E279BCA97AC91F54A4 /* Pods-HarriIosTask.release.xcconfig */ = {isa = PBXFileReference; includeInIndex = 1; lastKnownFileType = text.xcconfig; name = "Pods-HarriIosTask.release.xcconfig"; path = "Target Support Files/Pods-HarriIosTask/Pods-HarriIosTask.release.xcconfig"; sourceTree = "<group>"; };
		AB509C1364E2C818CFC4710E /* Pods-HarriIosTask.debug.xcconfig */ = {isa = PBXFileReference; includeInIndex = 1; lastKnownFileType = text.xcconfig; name = "Pods-HarriIosTask.debug.xcconfig"; path = "Target Support Files/Pods-HarriIosTask/Pods-HarriIosTask.debug.xcconfig"; sourceTree = "<group>"; };
/* End PBXFileReference section */

/* Begin PBXFrameworksBuildPhase section */
		76BEEFCB2619D8F500AD0321 /* Frameworks */ = {
			isa = PBXFrameworksBuildPhase;
			buildActionMask = 2147483647;
			files = (
				AAB3ED51C2C673D55A725450 /* Pods_HarriIosTask.framework in Frameworks */,
			);
			runOnlyForDeploymentPostprocessing = 0;
		};
/* End PBXFrameworksBuildPhase section */

/* Begin PBXGroup section */
		121098378366EEB43FDF9CF6 /* Pods */ = {
			isa = PBXGroup;
			children = (
				AB509C1364E2C818CFC4710E /* Pods-HarriIosTask.debug.xcconfig */,
				9D4C55E279BCA97AC91F54A4 /* Pods-HarriIosTask.release.xcconfig */,
			);
			path = Pods;
			sourceTree = "<group>";
		};
		7639246C261B1475009097A6 /* Models */ = {
			isa = PBXGroup;
			children = (
				76ABFA83262D7B9D007A2D41 /* UserListModels */,
				76ABFA84262D7BBD007A2D41 /* UserInfoModels */,
			);
			path = Models;
			sourceTree = "<group>";
		};
		7639246D261B148C009097A6 /* Views */ = {
			isa = PBXGroup;
			children = (
				76ABFA8D262D8DB7007A2D41 /* UserListViews */,
				76ABFA8E262D8DC5007A2D41 /* UserInfoViews */,
				76ABFAA6262DC44C007A2D41 /* HeaderView.swift */,
				76ABFABD262F0E41007A2D41 /* HeaderView.xib */,
			);
			path = Views;
			sourceTree = "<group>";
		};
		7639247E261B563E009097A6 /* ViewModels */ = {
			isa = PBXGroup;
			children = (
				76ABFA78262C8E6D007A2D41 /* UserListViewModel */,
				76ABFA76262C8E0A007A2D41 /* UserInfoViewModel */,
				76ABFA75262C8E00007A2D41 /* Protocols */,
			);
			path = ViewModels;
			sourceTree = "<group>";
		};
		76392482261B5EE9009097A6 /* API Services */ = {
			isa = PBXGroup;
			children = (
				76392483261B5EF9009097A6 /* UsersModel.swift */,
				763924AA261C6E68009097A6 /* UsersRouter.swift */,
				767C37C12625C16F00D8980C /* MyInterceptor.swift */,
			);
			path = "API Services";
			sourceTree = "<group>";
		};
		7639249C261BCBF3009097A6 /* font */ = {
			isa = PBXGroup;
			children = (
				7639249F261BCBFA009097A6 /* OpenSans-Italic.ttf */,
				7639249D261BCBFA009097A6 /* OpenSans-Regular.ttf */,
				7639249E261BCBFA009097A6 /* OpenSans-SemiBold.ttf */,
			);
			path = font;
			sourceTree = "<group>";
		};
		763924A7261BD69C009097A6 /* Controllers */ = {
			isa = PBXGroup;
			children = (
				76BEEFD52619D8F500AD0321 /* UsersViewController.swift */,
				767C37C526299ECE00D8980C /* UserInfoTableViewController.swift */,
				76ABFA6E262C829D007A2D41 /* MyFlowLayout.swift */,
				76ABFA9C262DA1C6007A2D41 /* ResizableCollectionView.swift */,
			);
			path = Controllers;
			sourceTree = "<group>";
		};
		767C37A726246D9B00D8980C /* Representables */ = {
			isa = PBXGroup;
			children = (
				76ABFA7D262D7B07007A2D41 /* UserListRepresentables */,
				76ABFA7E262D7B26007A2D41 /* UserInfoRepresentables */,
				76ABFA7F262D7B3E007A2D41 /* Protocols */,
			);
			path = Representables;
			sourceTree = "<group>";
		};
		767C37B22624AA2700D8980C /* Extensions */ = {
			isa = PBXGroup;
			children = (
				767C37B32624AA5000D8980C /* UsersViewController+UITableView.swift */,
				76ABFAC4262F3344007A2D41 /* UserInfoTableViewController+UITableView.swift */,
				76ABFAC8262F9688007A2D41 /* UserInfoTableViewController+UserInfoAboutCellDelegate.swift */,
				767C37F2262C3B2D00D8980C /* ToDate+String.swift */,
				767C37F5262C3B8600D8980C /* ToString+Date.swift */,
				76ABFAC1262F1016007A2D41 /* AddTrailing+UILabel.swift */,
			);
			path = Extensions;
			sourceTree = "<group>";
		};
		76ABFA75262C8E00007A2D41 /* Protocols */ = {
			isa = PBXGroup;
			children = (
				767C37AF2624A29700D8980C /* ViewModel.swift */,
				76ABFA93262D9002007A2D41 /* CollectionViewModel.swift */,
			);
			path = Protocols;
			sourceTree = "<group>";
		};
		76ABFA76262C8E0A007A2D41 /* UserInfoViewModel */ = {
			isa = PBXGroup;
			children = (
				76ABFAB4262E2018007A2D41 /* UserInfoHeaderViewModel.swift */,
				767C37DD262AEAE500D8980C /* UserInfoAboutViewModel.swift */,
				767C37EF262C339E00D8980C /* UserInfoExperienceViewModel.swift */,
				76ABFA5D262C6B23007A2D41 /* UserInfoSkillsViewModel.swift */,
				76ABFA96262D92AF007A2D41 /* UserInfoAvailabilityViewModel.swift */,
			);
			path = UserInfoViewModel;
			sourceTree = "<group>";
		};
		76ABFA78262C8E6D007A2D41 /* UserListViewModel */ = {
			isa = PBXGroup;
			children = (
				7639247F261B564B009097A6 /* UserViewModel.swift */,
			);
			path = UserListViewModel;
			sourceTree = "<group>";
		};
		76ABFA7D262D7B07007A2D41 /* UserListRepresentables */ = {
			isa = PBXGroup;
			children = (
				767C37A82624765200D8980C /* UserTableViewCellRepresentable.swift */,
				767C37B72625954200D8980C /* LoadingTableViewCellRepresentable.swift */,
			);
			path = UserListRepresentables;
			sourceTree = "<group>";
		};
		76ABFA7E262D7B26007A2D41 /* UserInfoRepresentables */ = {
			isa = PBXGroup;
			children = (
				76ABFAB1262E1F1E007A2D41 /* UserInfoHeaderRepresentable.swift */,
				767C37DA262AE8D300D8980C /* UserInfoAboutRepresentable.swift */,
				767C37E9262C2AE500D8980C /* UserInfoExperienceRepresentable.swift */,
				76ABFA56262C6A0F007A2D41 /* UserInfoSkillsRepresentable.swift */,
				76ABFA87262D8357007A2D41 /* UserInfoAvailabilityRepresentable.swift */,
			);
			path = UserInfoRepresentables;
			sourceTree = "<group>";
		};
		76ABFA7F262D7B3E007A2D41 /* Protocols */ = {
			isa = PBXGroup;
			children = (
				767C37BA2625960500D8980C /* TableViewCellRepresentable.swift */,
			);
			path = Protocols;
			sourceTree = "<group>";
		};
		76ABFA83262D7B9D007A2D41 /* UserListModels */ = {
			isa = PBXGroup;
			children = (
				76BEEFE72619DA7500AD0321 /* User.swift */,
				76392469261B10FE009097A6 /* UserData.swift */,
			);
			path = UserListModels;
			sourceTree = "<group>";
		};
		76ABFA84262D7BBD007A2D41 /* UserInfoModels */ = {
			isa = PBXGroup;
			children = (
				767C37D4262A5DDA00D8980C /* UserInfo.swift */,
				767C37D7262A5E4800D8980C /* UserDetails.swift */,
				767C37E0262C1A2300D8980C /* UserExperience.swift */,
				767C37E3262C1A4000D8980C /* Work.swift */,
				767C37E6262C1C8600D8980C /* Brand.swift */,
				767C37EC262C2E9700D8980C /* Position.swift */,
				76ABFA59262C6A42007A2D41 /* Skill.swift */,
				76ABFA80262D7B90007A2D41 /* Availability.swift */,
			);
			path = UserInfoModels;
			sourceTree = "<group>";
		};
		76ABFA8D262D8DB7007A2D41 /* UserListViews */ = {
			isa = PBXGroup;
			children = (
				76BEEFEA2619DBDA00AD0321 /* UserTableViewCell.swift */,
				76392478261B4ADD009097A6 /* LoadingTableViewCell.swift */,
			);
			path = UserListViews;
			sourceTree = "<group>";
		};
		76ABFA8E262D8DC5007A2D41 /* UserInfoViews */ = {
			isa = PBXGroup;
			children = (
				76ABFA8F262D8DD0007A2D41 /* TableViewCells */,
				76ABFA90262D8DDB007A2D41 /* CollectionViewCells */,
			);
			path = UserInfoViews;
			sourceTree = "<group>";
		};
		76ABFA8F262D8DD0007A2D41 /* TableViewCells */ = {
			isa = PBXGroup;
			children = (
				767C37C826299FEE00D8980C /* UserInfoAboutTableViewCell.swift */,
				767C37CB2629A00500D8980C /* UserInfoExperienceTableViewCell.swift */,
				767C37CE2629A01D00D8980C /* UserInfoSkillsTableViewCell.swift */,
				767C37D12629A03000D8980C /* UserInfoAvailabilityTableViewCell.swift */,
			);
			path = TableViewCells;
			sourceTree = "<group>";
		};
		76ABFA90262D8DDB007A2D41 /* CollectionViewCells */ = {
			isa = PBXGroup;
			children = (
				76ABFA6B262C7E81007A2D41 /* SkillCollectionViewCell.swift */,
				76ABFA99262D980C007A2D41 /* AvailabilityCollectionViewCell.swift */,
			);
			path = CollectionViewCells;
			sourceTree = "<group>";
		};
		76BEEFC52619D8F500AD0321 = {
			isa = PBXGroup;
			children = (
				76BEEFD02619D8F500AD0321 /* HarriIosTask */,
				76BEEFCF2619D8F500AD0321 /* Products */,
				121098378366EEB43FDF9CF6 /* Pods */,
				9E1FAF8EDCB8AE17D62A7A0D /* Frameworks */,
			);
			sourceTree = "<group>";
		};
		76BEEFCF2619D8F500AD0321 /* Products */ = {
			isa = PBXGroup;
			children = (
				76BEEFCE2619D8F500AD0321 /* HarriIosTask.app */,
			);
			name = Products;
			sourceTree = "<group>";
		};
		76BEEFD02619D8F500AD0321 /* HarriIosTask */ = {
			isa = PBXGroup;
			children = (
				767C37B22624AA2700D8980C /* Extensions */,
				767C37A726246D9B00D8980C /* Representables */,
				763924A7261BD69C009097A6 /* Controllers */,
				76392482261B5EE9009097A6 /* API Services */,
				7639247E261B563E009097A6 /* ViewModels */,
				7639246D261B148C009097A6 /* Views */,
				7639246C261B1475009097A6 /* Models */,
				76BEEFD12619D8F500AD0321 /* AppDelegate.swift */,
				76BEEFD32619D8F500AD0321 /* SceneDelegate.swift */,
				76BEEFD72619D8F500AD0321 /* Main.storyboard */,
				76BEEFDA2619D90100AD0321 /* Assets.xcassets */,
				76BEEFDC2619D90100AD0321 /* LaunchScreen.storyboard */,
				76BEEFDF2619D90100AD0321 /* Info.plist */,
				7639249C261BCBF3009097A6 /* font */,
			);
			path = HarriIosTask;
			sourceTree = "<group>";
		};
		9E1FAF8EDCB8AE17D62A7A0D /* Frameworks */ = {
			isa = PBXGroup;
			children = (
				73AEFEF0184910AD57C2EBF9 /* Pods_HarriIosTask.framework */,
			);
			name = Frameworks;
			sourceTree = "<group>";
		};
/* End PBXGroup section */

/* Begin PBXNativeTarget section */
		76BEEFCD2619D8F500AD0321 /* HarriIosTask */ = {
			isa = PBXNativeTarget;
			buildConfigurationList = 76BEEFE22619D90100AD0321 /* Build configuration list for PBXNativeTarget "HarriIosTask" */;
			buildPhases = (
				EACB8954ECFBB6062D919AC2 /* [CP] Check Pods Manifest.lock */,
				76BEEFCA2619D8F500AD0321 /* Sources */,
				76BEEFCB2619D8F500AD0321 /* Frameworks */,
				76BEEFCC2619D8F500AD0321 /* Resources */,
				6C8692E9D6E0B03EC0A7EE5B /* [CP] Embed Pods Frameworks */,
			);
			buildRules = (
			);
			dependencies = (
			);
			name = HarriIosTask;
			productName = HarriIosTask;
			productReference = 76BEEFCE2619D8F500AD0321 /* HarriIosTask.app */;
			productType = "com.apple.product-type.application";
		};
/* End PBXNativeTarget section */

/* Begin PBXProject section */
		76BEEFC62619D8F500AD0321 /* Project object */ = {
			isa = PBXProject;
			attributes = {
				LastSwiftUpdateCheck = 1240;
				LastUpgradeCheck = 1240;
				TargetAttributes = {
					76BEEFCD2619D8F500AD0321 = {
						CreatedOnToolsVersion = 12.4;
					};
				};
			};
			buildConfigurationList = 76BEEFC92619D8F500AD0321 /* Build configuration list for PBXProject "HarriIosTask" */;
			compatibilityVersion = "Xcode 9.3";
			developmentRegion = en;
			hasScannedForEncodings = 0;
			knownRegions = (
				en,
				Base,
			);
			mainGroup = 76BEEFC52619D8F500AD0321;
			productRefGroup = 76BEEFCF2619D8F500AD0321 /* Products */;
			projectDirPath = "";
			projectRoot = "";
			targets = (
				76BEEFCD2619D8F500AD0321 /* HarriIosTask */,
			);
		};
/* End PBXProject section */

/* Begin PBXResourcesBuildPhase section */
		76BEEFCC2619D8F500AD0321 /* Resources */ = {
			isa = PBXResourcesBuildPhase;
			buildActionMask = 2147483647;
			files = (
				763924A3261BCC05009097A6 /* OpenSans-Regular.ttf in Resources */,
				76BEEFDE2619D90100AD0321 /* LaunchScreen.storyboard in Resources */,
				763924A1261BCC02009097A6 /* OpenSans-Italic.ttf in Resources */,
				76ABFABE262F0E41007A2D41 /* HeaderView.xib in Resources */,
				76BEEFDB2619D90100AD0321 /* Assets.xcassets in Resources */,
				763924A5261BCC08009097A6 /* OpenSans-SemiBold.ttf in Resources */,
				76BEEFD92619D8F500AD0321 /* Main.storyboard in Resources */,
			);
			runOnlyForDeploymentPostprocessing = 0;
		};
/* End PBXResourcesBuildPhase section */

/* Begin PBXShellScriptBuildPhase section */
		6C8692E9D6E0B03EC0A7EE5B /* [CP] Embed Pods Frameworks */ = {
			isa = PBXShellScriptBuildPhase;
			buildActionMask = 2147483647;
			files = (
			);
			inputFileListPaths = (
				"${PODS_ROOT}/Target Support Files/Pods-HarriIosTask/Pods-HarriIosTask-frameworks-${CONFIGURATION}-input-files.xcfilelist",
			);
			name = "[CP] Embed Pods Frameworks";
			outputFileListPaths = (
				"${PODS_ROOT}/Target Support Files/Pods-HarriIosTask/Pods-HarriIosTask-frameworks-${CONFIGURATION}-output-files.xcfilelist",
			);
			runOnlyForDeploymentPostprocessing = 0;
			shellPath = /bin/sh;
			shellScript = "\"${PODS_ROOT}/Target Support Files/Pods-HarriIosTask/Pods-HarriIosTask-frameworks.sh\"\n";
			showEnvVarsInLog = 0;
		};
		EACB8954ECFBB6062D919AC2 /* [CP] Check Pods Manifest.lock */ = {
			isa = PBXShellScriptBuildPhase;
			buildActionMask = 2147483647;
			files = (
			);
			inputFileListPaths = (
			);
			inputPaths = (
				"${PODS_PODFILE_DIR_PATH}/Podfile.lock",
				"${PODS_ROOT}/Manifest.lock",
			);
			name = "[CP] Check Pods Manifest.lock";
			outputFileListPaths = (
			);
			outputPaths = (
				"$(DERIVED_FILE_DIR)/Pods-HarriIosTask-checkManifestLockResult.txt",
			);
			runOnlyForDeploymentPostprocessing = 0;
			shellPath = /bin/sh;
			shellScript = "diff \"${PODS_PODFILE_DIR_PATH}/Podfile.lock\" \"${PODS_ROOT}/Manifest.lock\" > /dev/null\nif [ $? != 0 ] ; then\n    # print error to STDERR\n    echo \"error: The sandbox is not in sync with the Podfile.lock. Run 'pod install' or update your CocoaPods installation.\" >&2\n    exit 1\nfi\n# This output is used by Xcode 'outputs' to avoid re-running this script phase.\necho \"SUCCESS\" > \"${SCRIPT_OUTPUT_FILE_0}\"\n";
			showEnvVarsInLog = 0;
		};
/* End PBXShellScriptBuildPhase section */

/* Begin PBXSourcesBuildPhase section */
		76BEEFCA2619D8F500AD0321 /* Sources */ = {
			isa = PBXSourcesBuildPhase;
			buildActionMask = 2147483647;
			files = (
				76ABFAC2262F1016007A2D41 /* AddTrailing+UILabel.swift in Sources */,
				7639247A261B4ADD009097A6 /* LoadingTableViewCell.swift in Sources */,
				767C37A92624765200D8980C /* UserTableViewCellRepresentable.swift in Sources */,
				767C37C626299ECE00D8980C /* UserInfoTableViewController.swift in Sources */,
				76ABFA6F262C829D007A2D41 /* MyFlowLayout.swift in Sources */,
				76392480261B564B009097A6 /* UserViewModel.swift in Sources */,
				76BEEFE82619DA7500AD0321 /* User.swift in Sources */,
				767C37BB2625960500D8980C /* TableViewCellRepresentable.swift in Sources */,
				76BEEFD62619D8F500AD0321 /* UsersViewController.swift in Sources */,
				76392484261B5EF9009097A6 /* UsersModel.swift in Sources */,
				767C37ED262C2E9700D8980C /* Position.swift in Sources */,
				76ABFA94262D9002007A2D41 /* CollectionViewModel.swift in Sources */,
				767C37B02624A29700D8980C /* ViewModel.swift in Sources */,
				76ABFA88262D8357007A2D41 /* UserInfoAvailabilityRepresentable.swift in Sources */,
				767C37DE262AEAE500D8980C /* UserInfoAboutViewModel.swift in Sources */,
				76ABFAB5262E2018007A2D41 /* UserInfoHeaderViewModel.swift in Sources */,
				76ABFA97262D92AF007A2D41 /* UserInfoAvailabilityViewModel.swift in Sources */,
				767C37EA262C2AE500D8980C /* UserInfoExperienceRepresentable.swift in Sources */,
				767C37F6262C3B8600D8980C /* ToString+Date.swift in Sources */,
				767C37D22629A03000D8980C /* UserInfoAvailabilityTableViewCell.swift in Sources */,
				767C37F0262C339E00D8980C /* UserInfoExperienceViewModel.swift in Sources */,
				767C37E4262C1A4000D8980C /* Work.swift in Sources */,
				76ABFAA7262DC44C007A2D41 /* HeaderView.swift in Sources */,
				76ABFA9D262DA1C6007A2D41 /* ResizableCollectionView.swift in Sources */,
				767C37B82625954200D8980C /* LoadingTableViewCellRepresentable.swift in Sources */,
				76ABFA5E262C6B23007A2D41 /* UserInfoSkillsViewModel.swift in Sources */,
				76BEEFD22619D8F500AD0321 /* AppDelegate.swift in Sources */,
				767C37F3262C3B2D00D8980C /* ToDate+String.swift in Sources */,
				767C37D8262A5E4800D8980C /* UserDetails.swift in Sources */,
				767C37C22625C16F00D8980C /* MyInterceptor.swift in Sources */,
				76ABFA5A262C6A42007A2D41 /* Skill.swift in Sources */,
				76ABFA81262D7B90007A2D41 /* Availability.swift in Sources */,
				767C37CF2629A01D00D8980C /* UserInfoSkillsTableViewCell.swift in Sources */,
				767C37C926299FEE00D8980C /* UserInfoAboutTableViewCell.swift in Sources */,
				767C37B42624AA5000D8980C /* UsersViewController+UITableView.swift in Sources */,
				767C37CC2629A00500D8980C /* UserInfoExperienceTableViewCell.swift in Sources */,
				767C37DB262AE8D300D8980C /* UserInfoAboutRepresentable.swift in Sources */,
				76BEEFD42619D8F500AD0321 /* SceneDelegate.swift in Sources */,
				76ABFAC9262F9688007A2D41 /* UserInfoTableViewController+UserInfoAboutCellDelegate.swift in Sources */,
				7639246A261B10FE009097A6 /* UserData.swift in Sources */,
				76BEEFEB2619DBDA00AD0321 /* UserTableViewCell.swift in Sources */,
				767C37D5262A5DDA00D8980C /* UserInfo.swift in Sources */,
				767C37E7262C1C8600D8980C /* Brand.swift in Sources */,
				76ABFA57262C6A0F007A2D41 /* UserInfoSkillsRepresentable.swift in Sources */,
				767C37E1262C1A2300D8980C /* UserExperience.swift in Sources */,
				76ABFA6C262C7E81007A2D41 /* SkillCollectionViewCell.swift in Sources */,
				763924AB261C6E68009097A6 /* UsersRouter.swift in Sources */,
				76ABFAB2262E1F1E007A2D41 /* UserInfoHeaderRepresentable.swift in Sources */,
				76ABFAC5262F3344007A2D41 /* UserInfoTableViewController+UITableView.swift in Sources */,
				76ABFA9A262D980C007A2D41 /* AvailabilityCollectionViewCell.swift in Sources */,
			);
			runOnlyForDeploymentPostprocessing = 0;
		};
/* End PBXSourcesBuildPhase section */

/* Begin PBXVariantGroup section */
		76BEEFD72619D8F500AD0321 /* Main.storyboard */ = {
			isa = PBXVariantGroup;
			children = (
				76BEEFD82619D8F500AD0321 /* Base */,
			);
			name = Main.storyboard;
			sourceTree = "<group>";
		};
		76BEEFDC2619D90100AD0321 /* LaunchScreen.storyboard */ = {
			isa = PBXVariantGroup;
			children = (
				76BEEFDD2619D90100AD0321 /* Base */,
			);
			name = LaunchScreen.storyboard;
			sourceTree = "<group>";
		};
/* End PBXVariantGroup section */

/* Begin XCBuildConfiguration section */
		76BEEFE02619D90100AD0321 /* Debug */ = {
			isa = XCBuildConfiguration;
			buildSettings = {
				ALWAYS_SEARCH_USER_PATHS = NO;
				CLANG_ANALYZER_NONNULL = YES;
				CLANG_ANALYZER_NUMBER_OBJECT_CONVERSION = YES_AGGRESSIVE;
				CLANG_CXX_LANGUAGE_STANDARD = "gnu++14";
				CLANG_CXX_LIBRARY = "libc++";
				CLANG_ENABLE_MODULES = YES;
				CLANG_ENABLE_OBJC_ARC = YES;
				CLANG_ENABLE_OBJC_WEAK = YES;
				CLANG_WARN_BLOCK_CAPTURE_AUTORELEASING = YES;
				CLANG_WARN_BOOL_CONVERSION = YES;
				CLANG_WARN_COMMA = YES;
				CLANG_WARN_CONSTANT_CONVERSION = YES;
				CLANG_WARN_DEPRECATED_OBJC_IMPLEMENTATIONS = YES;
				CLANG_WARN_DIRECT_OBJC_ISA_USAGE = YES_ERROR;
				CLANG_WARN_DOCUMENTATION_COMMENTS = YES;
				CLANG_WARN_EMPTY_BODY = YES;
				CLANG_WARN_ENUM_CONVERSION = YES;
				CLANG_WARN_INFINITE_RECURSION = YES;
				CLANG_WARN_INT_CONVERSION = YES;
				CLANG_WARN_NON_LITERAL_NULL_CONVERSION = YES;
				CLANG_WARN_OBJC_IMPLICIT_RETAIN_SELF = YES;
				CLANG_WARN_OBJC_LITERAL_CONVERSION = YES;
				CLANG_WARN_OBJC_ROOT_CLASS = YES_ERROR;
				CLANG_WARN_QUOTED_INCLUDE_IN_FRAMEWORK_HEADER = YES;
				CLANG_WARN_RANGE_LOOP_ANALYSIS = YES;
				CLANG_WARN_STRICT_PROTOTYPES = YES;
				CLANG_WARN_SUSPICIOUS_MOVE = YES;
				CLANG_WARN_UNGUARDED_AVAILABILITY = YES_AGGRESSIVE;
				CLANG_WARN_UNREACHABLE_CODE = YES;
				CLANG_WARN__DUPLICATE_METHOD_MATCH = YES;
				COPY_PHASE_STRIP = NO;
				DEBUG_INFORMATION_FORMAT = dwarf;
				ENABLE_STRICT_OBJC_MSGSEND = YES;
				ENABLE_TESTABILITY = YES;
				GCC_C_LANGUAGE_STANDARD = gnu11;
				GCC_DYNAMIC_NO_PIC = NO;
				GCC_NO_COMMON_BLOCKS = YES;
				GCC_OPTIMIZATION_LEVEL = 0;
				GCC_PREPROCESSOR_DEFINITIONS = (
					"DEBUG=1",
					"$(inherited)",
				);
				GCC_WARN_64_TO_32_BIT_CONVERSION = YES;
				GCC_WARN_ABOUT_RETURN_TYPE = YES_ERROR;
				GCC_WARN_UNDECLARED_SELECTOR = YES;
				GCC_WARN_UNINITIALIZED_AUTOS = YES_AGGRESSIVE;
				GCC_WARN_UNUSED_FUNCTION = YES;
				GCC_WARN_UNUSED_VARIABLE = YES;
				IPHONEOS_DEPLOYMENT_TARGET = 14.4;
				MTL_ENABLE_DEBUG_INFO = INCLUDE_SOURCE;
				MTL_FAST_MATH = YES;
				ONLY_ACTIVE_ARCH = YES;
				SDKROOT = iphoneos;
				SWIFT_ACTIVE_COMPILATION_CONDITIONS = DEBUG;
				SWIFT_OPTIMIZATION_LEVEL = "-Onone";
			};
			name = Debug;
		};
		76BEEFE12619D90100AD0321 /* Release */ = {
			isa = XCBuildConfiguration;
			buildSettings = {
				ALWAYS_SEARCH_USER_PATHS = NO;
				CLANG_ANALYZER_NONNULL = YES;
				CLANG_ANALYZER_NUMBER_OBJECT_CONVERSION = YES_AGGRESSIVE;
				CLANG_CXX_LANGUAGE_STANDARD = "gnu++14";
				CLANG_CXX_LIBRARY = "libc++";
				CLANG_ENABLE_MODULES = YES;
				CLANG_ENABLE_OBJC_ARC = YES;
				CLANG_ENABLE_OBJC_WEAK = YES;
				CLANG_WARN_BLOCK_CAPTURE_AUTORELEASING = YES;
				CLANG_WARN_BOOL_CONVERSION = YES;
				CLANG_WARN_COMMA = YES;
				CLANG_WARN_CONSTANT_CONVERSION = YES;
				CLANG_WARN_DEPRECATED_OBJC_IMPLEMENTATIONS = YES;
				CLANG_WARN_DIRECT_OBJC_ISA_USAGE = YES_ERROR;
				CLANG_WARN_DOCUMENTATION_COMMENTS = YES;
				CLANG_WARN_EMPTY_BODY = YES;
				CLANG_WARN_ENUM_CONVERSION = YES;
				CLANG_WARN_INFINITE_RECURSION = YES;
				CLANG_WARN_INT_CONVERSION = YES;
				CLANG_WARN_NON_LITERAL_NULL_CONVERSION = YES;
				CLANG_WARN_OBJC_IMPLICIT_RETAIN_SELF = YES;
				CLANG_WARN_OBJC_LITERAL_CONVERSION = YES;
				CLANG_WARN_OBJC_ROOT_CLASS = YES_ERROR;
				CLANG_WARN_QUOTED_INCLUDE_IN_FRAMEWORK_HEADER = YES;
				CLANG_WARN_RANGE_LOOP_ANALYSIS = YES;
				CLANG_WARN_STRICT_PROTOTYPES = YES;
				CLANG_WARN_SUSPICIOUS_MOVE = YES;
				CLANG_WARN_UNGUARDED_AVAILABILITY = YES_AGGRESSIVE;
				CLANG_WARN_UNREACHABLE_CODE = YES;
				CLANG_WARN__DUPLICATE_METHOD_MATCH = YES;
				COPY_PHASE_STRIP = NO;
				DEBUG_INFORMATION_FORMAT = "dwarf-with-dsym";
				ENABLE_NS_ASSERTIONS = NO;
				ENABLE_STRICT_OBJC_MSGSEND = YES;
				GCC_C_LANGUAGE_STANDARD = gnu11;
				GCC_NO_COMMON_BLOCKS = YES;
				GCC_WARN_64_TO_32_BIT_CONVERSION = YES;
				GCC_WARN_ABOUT_RETURN_TYPE = YES_ERROR;
				GCC_WARN_UNDECLARED_SELECTOR = YES;
				GCC_WARN_UNINITIALIZED_AUTOS = YES_AGGRESSIVE;
				GCC_WARN_UNUSED_FUNCTION = YES;
				GCC_WARN_UNUSED_VARIABLE = YES;
				IPHONEOS_DEPLOYMENT_TARGET = 14.4;
				MTL_ENABLE_DEBUG_INFO = NO;
				MTL_FAST_MATH = YES;
				SDKROOT = iphoneos;
				SWIFT_COMPILATION_MODE = wholemodule;
				SWIFT_OPTIMIZATION_LEVEL = "-O";
				VALIDATE_PRODUCT = YES;
			};
			name = Release;
		};
		76BEEFE32619D90100AD0321 /* Debug */ = {
			isa = XCBuildConfiguration;
			baseConfigurationReference = AB509C1364E2C818CFC4710E /* Pods-HarriIosTask.debug.xcconfig */;
			buildSettings = {
				ASSETCATALOG_COMPILER_APPICON_NAME = AppIcon;
				ASSETCATALOG_COMPILER_GLOBAL_ACCENT_COLOR_NAME = AccentColor;
				CODE_SIGN_STYLE = Automatic;
				INFOPLIST_FILE = HarriIosTask/Info.plist;
				LD_RUNPATH_SEARCH_PATHS = (
					"$(inherited)",
					"@executable_path/Frameworks",
				);
				PRODUCT_BUNDLE_IDENTIFIER = com.abuzaitoun.HarriIosTask;
				PRODUCT_NAME = "$(TARGET_NAME)";
				SWIFT_VERSION = 5.0;
				TARGETED_DEVICE_FAMILY = "1,2";
			};
			name = Debug;
		};
		76BEEFE42619D90100AD0321 /* Release */ = {
			isa = XCBuildConfiguration;
			baseConfigurationReference = 9D4C55E279BCA97AC91F54A4 /* Pods-HarriIosTask.release.xcconfig */;
			buildSettings = {
				ASSETCATALOG_COMPILER_APPICON_NAME = AppIcon;
				ASSETCATALOG_COMPILER_GLOBAL_ACCENT_COLOR_NAME = AccentColor;
				CODE_SIGN_STYLE = Automatic;
				INFOPLIST_FILE = HarriIosTask/Info.plist;
				LD_RUNPATH_SEARCH_PATHS = (
					"$(inherited)",
					"@executable_path/Frameworks",
				);
				PRODUCT_BUNDLE_IDENTIFIER = com.abuzaitoun.HarriIosTask;
				PRODUCT_NAME = "$(TARGET_NAME)";
				SWIFT_VERSION = 5.0;
				TARGETED_DEVICE_FAMILY = "1,2";
			};
			name = Release;
		};
/* End XCBuildConfiguration section */

/* Begin XCConfigurationList section */
		76BEEFC92619D8F500AD0321 /* Build configuration list for PBXProject "HarriIosTask" */ = {
			isa = XCConfigurationList;
			buildConfigurations = (
				76BEEFE02619D90100AD0321 /* Debug */,
				76BEEFE12619D90100AD0321 /* Release */,
			);
			defaultConfigurationIsVisible = 0;
			defaultConfigurationName = Release;
		};
		76BEEFE22619D90100AD0321 /* Build configuration list for PBXNativeTarget "HarriIosTask" */ = {
			isa = XCConfigurationList;
			buildConfigurations = (
				76BEEFE32619D90100AD0321 /* Debug */,
				76BEEFE42619D90100AD0321 /* Release */,
			);
			defaultConfigurationIsVisible = 0;
			defaultConfigurationName = Release;
		};
/* End XCConfigurationList section */
	};
	rootObject = 76BEEFC62619D8F500AD0321 /* Project object */;
}
